// !$*UTF8*$!
{
	archiveVersion = 1;
	classes = {
	};
	objectVersion = 55;
	objects = {

/* Begin PBXBuildFile section */
		F61F8B1C2D04549800E63C3F /* browser.cpp in Sources */ = {isa = PBXBuildFile; fileRef = F66F916C2D0333A400F84283 /* browser.cpp */; };
		F61F8B1D2D04549C00E63C3F /* statusbar.cpp in Sources */ = {isa = PBXBuildFile; fileRef = F66D0E012D039EC400E5E93D /* statusbar.cpp */; };
		F61F8B1E2D0456D700E63C3F /* main.cpp in Sources */ = {isa = PBXBuildFile; fileRef = F66F91662D0332F600F84283 /* main.cpp */; };
		F61F8B2F2D059ED500E63C3F /* button.cpp in Sources */ = {isa = PBXBuildFile; fileRef = F61F8B262D059ED500E63C3F /* button.cpp */; };
		F61F8B312D059ED500E63C3F /* image.cpp in Sources */ = {isa = PBXBuildFile; fileRef = F61F8B282D059ED500E63C3F /* image.cpp */; };
		F621307A2D11E74E0001E77B /* avitab-browser.xpl in CopyFiles */ = {isa = PBXBuildFile; fileRef = D607B19909A556E400699BC3 /* avitab-browser.xpl */; settings = {ATTRIBUTES = (CodeSignOnCopy, ); }; };
		F62DB14C2D26A5290048FCC6 /* libcef_dll_wrapper.a in Frameworks */ = {isa = PBXBuildFile; fileRef = F62DB14B2D26A5180048FCC6 /* libcef_dll_wrapper.a */; };
		F63C14262D12C63E00932475 /* INIReader.cpp in Sources */ = {isa = PBXBuildFile; fileRef = F63C14222D12C63E00932475 /* INIReader.cpp */; };
		F63C14272D12C63E00932475 /* ini.c in Sources */ = {isa = PBXBuildFile; fileRef = F63C14202D12C63E00932475 /* ini.c */; };
		F63C14302D12CB7B00932475 /* lodepng.cpp in Sources */ = {isa = PBXBuildFile; fileRef = F63C142B2D12CB7B00932475 /* lodepng.cpp */; };
		F64CFE5F2D2C31E8009BE82B /* main.cpp in Sources */ = {isa = PBXBuildFile; fileRef = F66F91662D0332F600F84283 /* main.cpp */; };
		F64CFE602D2C31E8009BE82B /* button.cpp in Sources */ = {isa = PBXBuildFile; fileRef = F61F8B262D059ED500E63C3F /* button.cpp */; };
		F64CFE612D2C31E8009BE82B /* image.cpp in Sources */ = {isa = PBXBuildFile; fileRef = F61F8B282D059ED500E63C3F /* image.cpp */; };
		F64CFE622D2C31E8009BE82B /* statusbar.cpp in Sources */ = {isa = PBXBuildFile; fileRef = F66D0E012D039EC400E5E93D /* statusbar.cpp */; };
		F64CFE632D2C31E8009BE82B /* path.cpp in Sources */ = {isa = PBXBuildFile; fileRef = F6AF9EBE2D06F84900530297 /* path.cpp */; };
		F64CFE642D2C31E8009BE82B /* notification.cpp in Sources */ = {isa = PBXBuildFile; fileRef = F6EB77692D21FFF2000B96F3 /* notification.cpp */; };
		F64CFE652D2C31E8009BE82B /* drawing.cpp in Sources */ = {isa = PBXBuildFile; fileRef = F64EE9C02D24130F000E68D2 /* drawing.cpp */; };
		F64CFE662D2C31E8009BE82B /* INIReader.cpp in Sources */ = {isa = PBXBuildFile; fileRef = F63C14222D12C63E00932475 /* INIReader.cpp */; };
		F64CFE672D2C31E8009BE82B /* ini.c in Sources */ = {isa = PBXBuildFile; fileRef = F63C14202D12C63E00932475 /* ini.c */; };
		F64CFE682D2C31E8009BE82B /* browser_handler.cpp in Sources */ = {isa = PBXBuildFile; fileRef = F6602C0B2D0C8B2B00204B65 /* browser_handler.cpp */; };
		F64CFE692D2C31E8009BE82B /* lodepng.cpp in Sources */ = {isa = PBXBuildFile; fileRef = F63C142B2D12CB7B00932475 /* lodepng.cpp */; };
		F64CFE6A2D2C31E8009BE82B /* appstate.cpp in Sources */ = {isa = PBXBuildFile; fileRef = F6AF9ECB2D078ED400530297 /* appstate.cpp */; };
		F64CFE6B2D2C31E8009BE82B /* dataref.cpp in Sources */ = {isa = PBXBuildFile; fileRef = F6AF9EBC2D06F84900530297 /* dataref.cpp */; };
		F64CFE6C2D2C31E8009BE82B /* browser.cpp in Sources */ = {isa = PBXBuildFile; fileRef = F66F916C2D0333A400F84283 /* browser.cpp */; };
		F64CFE6E2D2C31E8009BE82B /* XPWidgets.framework in Frameworks */ = {isa = PBXBuildFile; fileRef = F674E6F32D2ACDC600CCE11F /* XPWidgets.framework */; };
		F64CFE6F2D2C31E8009BE82B /* XPLM.framework in Frameworks */ = {isa = PBXBuildFile; fileRef = F674E6F42D2ACDC600CCE11F /* XPLM.framework */; };
		F64CFE702D2C31E8009BE82B /* libcef_dll_wrapper.a in Frameworks */ = {isa = PBXBuildFile; fileRef = F62DB14B2D26A5180048FCC6 /* libcef_dll_wrapper.a */; };
		F64CFE712D2C31E8009BE82B /* libcurl.tbd in Frameworks */ = {isa = PBXBuildFile; fileRef = F6A0452C2D25E33700A0FFA3 /* libcurl.tbd */; platformFilters = (maccatalyst, macos, ); };
		F64CFE722D2C31E8009BE82B /* CoreFoundation.framework in Frameworks */ = {isa = PBXBuildFile; fileRef = F691E46C2D0338E90000666C /* CoreFoundation.framework */; };
		F64CFE732D2C31E8009BE82B /* OpenGL.framework in Frameworks */ = {isa = PBXBuildFile; fileRef = F691E46E2D0338F10000666C /* OpenGL.framework */; };
		F64CFE742D2C31E8009BE82B /* Cocoa.framework in Frameworks */ = {isa = PBXBuildFile; fileRef = F6AF9EC52D078DB000530297 /* Cocoa.framework */; };
		F64EE9C22D24130F000E68D2 /* drawing.cpp in Sources */ = {isa = PBXBuildFile; fileRef = F64EE9C02D24130F000E68D2 /* drawing.cpp */; };
		F6602C0F2D0C8B2B00204B65 /* browser_handler.cpp in Sources */ = {isa = PBXBuildFile; fileRef = F6602C0B2D0C8B2B00204B65 /* browser_handler.cpp */; };
		F674E6F52D2ACDC600CCE11F /* XPWidgets.framework in Frameworks */ = {isa = PBXBuildFile; fileRef = F674E6F32D2ACDC600CCE11F /* XPWidgets.framework */; };
		F674E6F72D2ACDC600CCE11F /* XPLM.framework in Frameworks */ = {isa = PBXBuildFile; fileRef = F674E6F42D2ACDC600CCE11F /* XPLM.framework */; };
		F691E46D2D0338E90000666C /* CoreFoundation.framework in Frameworks */ = {isa = PBXBuildFile; fileRef = F691E46C2D0338E90000666C /* CoreFoundation.framework */; };
		F691E46F2D0338F10000666C /* OpenGL.framework in Frameworks */ = {isa = PBXBuildFile; fileRef = F691E46E2D0338F10000666C /* OpenGL.framework */; };
		F6A0452D2D25E34E00A0FFA3 /* libcurl.tbd in Frameworks */ = {isa = PBXBuildFile; fileRef = F6A0452C2D25E33700A0FFA3 /* libcurl.tbd */; platformFilters = (maccatalyst, macos, ); };
		F6AF9EC02D06F84900530297 /* path.cpp in Sources */ = {isa = PBXBuildFile; fileRef = F6AF9EBE2D06F84900530297 /* path.cpp */; };
		F6AF9EC12D06F84900530297 /* dataref.cpp in Sources */ = {isa = PBXBuildFile; fileRef = F6AF9EBC2D06F84900530297 /* dataref.cpp */; };
		F6AF9EC62D078DB000530297 /* Cocoa.framework in Frameworks */ = {isa = PBXBuildFile; fileRef = F6AF9EC52D078DB000530297 /* Cocoa.framework */; };
		F6AF9ECC2D078ED400530297 /* appstate.cpp in Sources */ = {isa = PBXBuildFile; fileRef = F6AF9ECB2D078ED400530297 /* appstate.cpp */; };
		F6D247C62D2FC4DB00C55144 /* cursor_mac.mm in Sources */ = {isa = PBXBuildFile; fileRef = F6D247C22D2FC4DB00C55144 /* cursor_mac.mm */; };
		F6D247C72D2FC4DB00C55144 /* cursor_win.cpp in Sources */ = {isa = PBXBuildFile; fileRef = F6D247C42D2FC4DB00C55144 /* cursor_win.cpp */; };
		F6D247C82D2FC4DB00C55144 /* cursor_linux.cpp in Sources */ = {isa = PBXBuildFile; fileRef = F6D247C02D2FC4DB00C55144 /* cursor_linux.cpp */; };
		F6D247C92D2FC4DB00C55144 /* cursor_mac.mm in Sources */ = {isa = PBXBuildFile; fileRef = F6D247C22D2FC4DB00C55144 /* cursor_mac.mm */; };
		F6D247CA2D2FC4DB00C55144 /* cursor_win.cpp in Sources */ = {isa = PBXBuildFile; fileRef = F6D247C42D2FC4DB00C55144 /* cursor_win.cpp */; };
		F6D247CB2D2FC4DB00C55144 /* cursor_linux.cpp in Sources */ = {isa = PBXBuildFile; fileRef = F6D247C02D2FC4DB00C55144 /* cursor_linux.cpp */; };
		F6EB776E2D22D687000B96F3 /* notification.cpp in Sources */ = {isa = PBXBuildFile; fileRef = F6EB77692D21FFF2000B96F3 /* notification.cpp */; };
/* End PBXBuildFile section */

/* Begin PBXCopyFilesBuildPhase section */
		F6C27DCD2CFBC9F80031DB0B /* CopyFiles */ = {
			isa = PBXCopyFilesBuildPhase;
			buildActionMask = 2147483647;
			dstPath = "/Users/ramon/X-Plane 12/Resources/plugins/avitab-browser/mac_x64";
			dstSubfolderSpec = 0;
			files = (
				F621307A2D11E74E0001E77B /* avitab-browser.xpl in CopyFiles */,
			);
			runOnlyForDeploymentPostprocessing = 0;
		};
/* End PBXCopyFilesBuildPhase section */

/* Begin PBXFileReference section */
		D607B19909A556E400699BC3 /* avitab-browser.xpl */ = {isa = PBXFileReference; explicitFileType = "compiled.mach-o.dylib"; includeInIndex = 0; path = "avitab-browser.xpl"; sourceTree = BUILT_PRODUCTS_DIR; };
		F61F8B252D059ED500E63C3F /* button.h */ = {isa = PBXFileReference; lastKnownFileType = sourcecode.c.h; path = button.h; sourceTree = "<group>"; };
		F61F8B262D059ED500E63C3F /* button.cpp */ = {isa = PBXFileReference; lastKnownFileType = sourcecode.cpp.cpp; path = button.cpp; sourceTree = "<group>"; };
		F61F8B272D059ED500E63C3F /* image.h */ = {isa = PBXFileReference; lastKnownFileType = sourcecode.c.h; path = image.h; sourceTree = "<group>"; };
		F61F8B282D059ED500E63C3F /* image.cpp */ = {isa = PBXFileReference; lastKnownFileType = sourcecode.cpp.cpp; path = image.cpp; sourceTree = "<group>"; };
		F61F8B2D2D059ED500E63C3F /* config.h */ = {isa = PBXFileReference; lastKnownFileType = sourcecode.c.h; path = config.h; sourceTree = "<group>"; };
		F62DB14B2D26A5180048FCC6 /* libcef_dll_wrapper.a */ = {isa = PBXFileReference; lastKnownFileType = archive.ar; name = libcef_dll_wrapper.a; path = lib/mac_x64/cef/libcef_dll_wrapper.a; sourceTree = "<group>"; };
		F633F85F2D1EEF2D00712AE1 /* json.hpp */ = {isa = PBXFileReference; lastKnownFileType = sourcecode.cpp.h; path = json.hpp; sourceTree = "<group>"; };
		F63C141F2D12C63E00932475 /* ini.h */ = {isa = PBXFileReference; lastKnownFileType = sourcecode.c.h; path = ini.h; sourceTree = "<group>"; };
		F63C14202D12C63E00932475 /* ini.c */ = {isa = PBXFileReference; lastKnownFileType = sourcecode.c.c; path = ini.c; sourceTree = "<group>"; };
		F63C14212D12C63E00932475 /* INIReader.h */ = {isa = PBXFileReference; lastKnownFileType = sourcecode.c.h; path = INIReader.h; sourceTree = "<group>"; };
		F63C14222D12C63E00932475 /* INIReader.cpp */ = {isa = PBXFileReference; lastKnownFileType = sourcecode.cpp.cpp; path = INIReader.cpp; sourceTree = "<group>"; };
		F63C142A2D12CB7B00932475 /* lodepng.h */ = {isa = PBXFileReference; lastKnownFileType = sourcecode.c.h; path = lodepng.h; sourceTree = "<group>"; };
		F63C142B2D12CB7B00932475 /* lodepng.cpp */ = {isa = PBXFileReference; lastKnownFileType = sourcecode.cpp.cpp; path = lodepng.cpp; sourceTree = "<group>"; };
		F63C142D2D12CB7B00932475 /* nanosvg.h */ = {isa = PBXFileReference; lastKnownFileType = sourcecode.c.h; path = nanosvg.h; sourceTree = "<group>"; };
		F63C142E2D12CB7B00932475 /* nanosvgrast.h */ = {isa = PBXFileReference; lastKnownFileType = sourcecode.c.h; path = nanosvgrast.h; sourceTree = "<group>"; };
		F64CFE7B2D2C31E8009BE82B /* avitab-browser-xp11.xpl */ = {isa = PBXFileReference; explicitFileType = "compiled.mach-o.dylib"; includeInIndex = 0; path = "avitab-browser-xp11.xpl"; sourceTree = BUILT_PRODUCTS_DIR; };
		F64EE9BF2D24130F000E68D2 /* drawing.h */ = {isa = PBXFileReference; lastKnownFileType = sourcecode.c.h; path = drawing.h; sourceTree = "<group>"; };
		F64EE9C02D24130F000E68D2 /* drawing.cpp */ = {isa = PBXFileReference; lastKnownFileType = sourcecode.cpp.cpp; path = drawing.cpp; sourceTree = "<group>"; };
		F6602C0A2D0C8B2B00204B65 /* browser_handler.h */ = {isa = PBXFileReference; lastKnownFileType = sourcecode.c.h; path = browser_handler.h; sourceTree = "<group>"; };
		F6602C0B2D0C8B2B00204B65 /* browser_handler.cpp */ = {isa = PBXFileReference; lastKnownFileType = sourcecode.cpp.cpp; path = browser_handler.cpp; sourceTree = "<group>"; };
		F6602C172D0E04BB00204B65 /* unix_keycodes.h */ = {isa = PBXFileReference; lastKnownFileType = sourcecode.c.h; path = unix_keycodes.h; sourceTree = "<group>"; };
		F66D0E002D039EC400E5E93D /* statusbar.h */ = {isa = PBXFileReference; lastKnownFileType = sourcecode.c.h; path = statusbar.h; sourceTree = "<group>"; };
		F66D0E012D039EC400E5E93D /* statusbar.cpp */ = {isa = PBXFileReference; lastKnownFileType = sourcecode.cpp.cpp; path = statusbar.cpp; sourceTree = "<group>"; };
		F66F91662D0332F600F84283 /* main.cpp */ = {isa = PBXFileReference; lastKnownFileType = sourcecode.cpp.cpp; path = main.cpp; sourceTree = "<group>"; };
		F66F916B2D0333A400F84283 /* browser.h */ = {isa = PBXFileReference; lastKnownFileType = sourcecode.c.h; path = browser.h; sourceTree = "<group>"; };
		F66F916C2D0333A400F84283 /* browser.cpp */ = {isa = PBXFileReference; lastKnownFileType = sourcecode.cpp.cpp; path = browser.cpp; sourceTree = "<group>"; wrapsLines = 1; };
		F674E6F32D2ACDC600CCE11F /* XPWidgets.framework */ = {isa = PBXFileReference; lastKnownFileType = wrapper.framework; name = XPWidgets.framework; path = SDK_410/Libraries/Mac/XPWidgets.framework; sourceTree = "<group>"; };
		F674E6F42D2ACDC600CCE11F /* XPLM.framework */ = {isa = PBXFileReference; lastKnownFileType = wrapper.framework; name = XPLM.framework; path = SDK_410/Libraries/Mac/XPLM.framework; sourceTree = "<group>"; };
		F691E46C2D0338E90000666C /* CoreFoundation.framework */ = {isa = PBXFileReference; lastKnownFileType = wrapper.framework; name = CoreFoundation.framework; path = System/Library/Frameworks/CoreFoundation.framework; sourceTree = SDKROOT; };
		F691E46E2D0338F10000666C /* OpenGL.framework */ = {isa = PBXFileReference; lastKnownFileType = wrapper.framework; name = OpenGL.framework; path = System/Library/Frameworks/OpenGL.framework; sourceTree = SDKROOT; };
		F6A0452C2D25E33700A0FFA3 /* libcurl.tbd */ = {isa = PBXFileReference; lastKnownFileType = "sourcecode.text-based-dylib-definition"; name = libcurl.tbd; path = usr/lib/libcurl.tbd; sourceTree = SDKROOT; };
		F6AF9EBB2D06F84900530297 /* dataref.h */ = {isa = PBXFileReference; lastKnownFileType = sourcecode.c.h; path = dataref.h; sourceTree = "<group>"; };
		F6AF9EBC2D06F84900530297 /* dataref.cpp */ = {isa = PBXFileReference; lastKnownFileType = sourcecode.cpp.cpp; path = dataref.cpp; sourceTree = "<group>"; };
		F6AF9EBD2D06F84900530297 /* path.h */ = {isa = PBXFileReference; lastKnownFileType = sourcecode.c.h; path = path.h; sourceTree = "<group>"; };
		F6AF9EBE2D06F84900530297 /* path.cpp */ = {isa = PBXFileReference; lastKnownFileType = sourcecode.cpp.cpp; path = path.cpp; sourceTree = "<group>"; };
		F6AF9EC52D078DB000530297 /* Cocoa.framework */ = {isa = PBXFileReference; lastKnownFileType = wrapper.framework; name = Cocoa.framework; path = System/Library/Frameworks/Cocoa.framework; sourceTree = SDKROOT; };
		F6AF9ECA2D078ED400530297 /* appstate.h */ = {isa = PBXFileReference; lastKnownFileType = sourcecode.c.h; path = appstate.h; sourceTree = "<group>"; };
		F6AF9ECB2D078ED400530297 /* appstate.cpp */ = {isa = PBXFileReference; lastKnownFileType = sourcecode.cpp.cpp; path = appstate.cpp; sourceTree = "<group>"; };
		F6D247C02D2FC4DB00C55144 /* cursor_linux.cpp */ = {isa = PBXFileReference; lastKnownFileType = sourcecode.cpp.cpp; path = cursor_linux.cpp; sourceTree = "<group>"; };
		F6D247C22D2FC4DB00C55144 /* cursor_mac.mm */ = {isa = PBXFileReference; lastKnownFileType = sourcecode.cpp.objcpp; path = cursor_mac.mm; sourceTree = "<group>"; };
		F6D247C42D2FC4DB00C55144 /* cursor_win.cpp */ = {isa = PBXFileReference; lastKnownFileType = sourcecode.cpp.cpp; path = cursor_win.cpp; sourceTree = "<group>"; };
		F6D247CC2D2FC64200C55144 /* cursor.h */ = {isa = PBXFileReference; lastKnownFileType = sourcecode.c.h; path = cursor.h; sourceTree = "<group>"; };
		F6EB77682D21FFF2000B96F3 /* notification.h */ = {isa = PBXFileReference; lastKnownFileType = sourcecode.c.h; path = notification.h; sourceTree = "<group>"; };
		F6EB77692D21FFF2000B96F3 /* notification.cpp */ = {isa = PBXFileReference; lastKnownFileType = sourcecode.cpp.cpp; path = notification.cpp; sourceTree = "<group>"; };
/* End PBXFileReference section */

/* Begin PBXFrameworksBuildPhase section */
		D607B19709A556E400699BC3 /* Frameworks */ = {
			isa = PBXFrameworksBuildPhase;
			buildActionMask = 2147483647;
			files = (
				F674E6F52D2ACDC600CCE11F /* XPWidgets.framework in Frameworks */,
				F674E6F72D2ACDC600CCE11F /* XPLM.framework in Frameworks */,
				F62DB14C2D26A5290048FCC6 /* libcef_dll_wrapper.a in Frameworks */,
				F6A0452D2D25E34E00A0FFA3 /* libcurl.tbd in Frameworks */,
				F691E46D2D0338E90000666C /* CoreFoundation.framework in Frameworks */,
				F691E46F2D0338F10000666C /* OpenGL.framework in Frameworks */,
				F6AF9EC62D078DB000530297 /* Cocoa.framework in Frameworks */,
			);
			runOnlyForDeploymentPostprocessing = 0;
		};
		F64CFE6D2D2C31E8009BE82B /* Frameworks */ = {
			isa = PBXFrameworksBuildPhase;
			buildActionMask = 2147483647;
			files = (
				F64CFE6E2D2C31E8009BE82B /* XPWidgets.framework in Frameworks */,
				F64CFE6F2D2C31E8009BE82B /* XPLM.framework in Frameworks */,
				F64CFE702D2C31E8009BE82B /* libcef_dll_wrapper.a in Frameworks */,
				F64CFE712D2C31E8009BE82B /* libcurl.tbd in Frameworks */,
				F64CFE722D2C31E8009BE82B /* CoreFoundation.framework in Frameworks */,
				F64CFE732D2C31E8009BE82B /* OpenGL.framework in Frameworks */,
				F64CFE742D2C31E8009BE82B /* Cocoa.framework in Frameworks */,
			);
			runOnlyForDeploymentPostprocessing = 0;
		};
/* End PBXFrameworksBuildPhase section */

/* Begin PBXGroup section */
		D607B15F09A5563000699BC3 = {
			isa = PBXGroup;
			children = (
				F66F91672D0332F600F84283 /* src */,
				F691E46B2D0338E90000666C /* Frameworks */,
				D607B19A09A556E400699BC3 /* Products */,
			);
			sourceTree = "<group>";
		};
		D607B19A09A556E400699BC3 /* Products */ = {
			isa = PBXGroup;
			children = (
				D607B19909A556E400699BC3 /* avitab-browser.xpl */,
				F64CFE7B2D2C31E8009BE82B /* avitab-browser-xp11.xpl */,
			);
			name = Products;
			sourceTree = "<group>";
		};
		F61F8B292D059ED500E63C3F /* components */ = {
			isa = PBXGroup;
			children = (
				F6602C0C2D0C8B2B00204B65 /* browser */,
				F61F8B252D059ED500E63C3F /* button.h */,
				F61F8B262D059ED500E63C3F /* button.cpp */,
				F61F8B272D059ED500E63C3F /* image.h */,
				F61F8B282D059ED500E63C3F /* image.cpp */,
				F6EB77682D21FFF2000B96F3 /* notification.h */,
				F6EB77692D21FFF2000B96F3 /* notification.cpp */,
			);
			path = components;
			sourceTree = "<group>";
		};
		F61F8B2C2D059ED500E63C3F /* lib */ = {
			isa = PBXGroup;
			children = (
				F633F8602D1EEF2D00712AE1 /* json */,
				F63C142C2D12CB7B00932475 /* lodepng */,
				F63C142F2D12CB7B00932475 /* nanosvg */,
				F63C14232D12C63E00932475 /* ini */,
				F6602C172D0E04BB00204B65 /* unix_keycodes.h */,
			);
			path = lib;
			sourceTree = "<group>";
		};
		F61F8B2E2D059ED500E63C3F /* include */ = {
			isa = PBXGroup;
			children = (
				F6AF9EBF2D06F84900530297 /* utils */,
				F61F8B2C2D059ED500E63C3F /* lib */,
				F61F8B292D059ED500E63C3F /* components */,
				F61F8B2D2D059ED500E63C3F /* config.h */,
				F6AF9ECA2D078ED400530297 /* appstate.h */,
				F6AF9ECB2D078ED400530297 /* appstate.cpp */,
			);
			path = include;
			sourceTree = "<group>";
		};
		F633F8602D1EEF2D00712AE1 /* json */ = {
			isa = PBXGroup;
			children = (
				F633F85F2D1EEF2D00712AE1 /* json.hpp */,
			);
			path = json;
			sourceTree = "<group>";
		};
		F63C14232D12C63E00932475 /* ini */ = {
			isa = PBXGroup;
			children = (
				F63C141F2D12C63E00932475 /* ini.h */,
				F63C14202D12C63E00932475 /* ini.c */,
				F63C14212D12C63E00932475 /* INIReader.h */,
				F63C14222D12C63E00932475 /* INIReader.cpp */,
			);
			path = ini;
			sourceTree = "<group>";
		};
		F63C142C2D12CB7B00932475 /* lodepng */ = {
			isa = PBXGroup;
			children = (
				F63C142A2D12CB7B00932475 /* lodepng.h */,
				F63C142B2D12CB7B00932475 /* lodepng.cpp */,
			);
			path = lodepng;
			sourceTree = "<group>";
		};
		F63C142F2D12CB7B00932475 /* nanosvg */ = {
			isa = PBXGroup;
			children = (
				F63C142D2D12CB7B00932475 /* nanosvg.h */,
				F63C142E2D12CB7B00932475 /* nanosvgrast.h */,
			);
			path = nanosvg;
			sourceTree = "<group>";
		};
		F6602C0C2D0C8B2B00204B65 /* browser */ = {
			isa = PBXGroup;
			children = (
				F6602C0A2D0C8B2B00204B65 /* browser_handler.h */,
				F6602C0B2D0C8B2B00204B65 /* browser_handler.cpp */,
			);
			path = browser;
			sourceTree = "<group>";
		};
		F66F91672D0332F600F84283 /* src */ = {
			isa = PBXGroup;
			children = (
				F61F8B2E2D059ED500E63C3F /* include */,
				F66F91662D0332F600F84283 /* main.cpp */,
				F66F916B2D0333A400F84283 /* browser.h */,
				F66F916C2D0333A400F84283 /* browser.cpp */,
				F66D0E002D039EC400E5E93D /* statusbar.h */,
				F66D0E012D039EC400E5E93D /* statusbar.cpp */,
			);
			path = src;
			sourceTree = "<group>";
		};
		F691E46B2D0338E90000666C /* Frameworks */ = {
			isa = PBXGroup;
			children = (
				F674E6F42D2ACDC600CCE11F /* XPLM.framework */,
				F674E6F32D2ACDC600CCE11F /* XPWidgets.framework */,
				F62DB14B2D26A5180048FCC6 /* libcef_dll_wrapper.a */,
				F6A0452C2D25E33700A0FFA3 /* libcurl.tbd */,
				F6AF9EC52D078DB000530297 /* Cocoa.framework */,
				F691E46E2D0338F10000666C /* OpenGL.framework */,
				F691E46C2D0338E90000666C /* CoreFoundation.framework */,
			);
			name = Frameworks;
			sourceTree = "<group>";
		};
		F6AF9EBF2D06F84900530297 /* utils */ = {
			isa = PBXGroup;
			children = (
				F6D247C52D2FC4DB00C55144 /* cursor */,
				F6AF9EBD2D06F84900530297 /* path.h */,
				F6AF9EBE2D06F84900530297 /* path.cpp */,
				F6AF9EBB2D06F84900530297 /* dataref.h */,
				F6AF9EBC2D06F84900530297 /* dataref.cpp */,
				F64EE9BF2D24130F000E68D2 /* drawing.h */,
				F64EE9C02D24130F000E68D2 /* drawing.cpp */,
			);
			path = utils;
			sourceTree = "<group>";
		};
		F6D247C52D2FC4DB00C55144 /* cursor */ = {
			isa = PBXGroup;
			children = (
				F6D247CC2D2FC64200C55144 /* cursor.h */,
				F6D247C02D2FC4DB00C55144 /* cursor_linux.cpp */,
				F6D247C22D2FC4DB00C55144 /* cursor_mac.mm */,
				F6D247C42D2FC4DB00C55144 /* cursor_win.cpp */,
			);
			path = cursor;
			sourceTree = "<group>";
		};
/* End PBXGroup section */

/* Begin PBXNativeTarget section */
		D607B19809A556E400699BC3 /* avitab-browser */ = {
			isa = PBXNativeTarget;
			buildConfigurationList = D607B19B09A556E400699BC3 /* Build configuration list for PBXNativeTarget "avitab-browser" */;
			buildPhases = (
				D607B19609A556E400699BC3 /* Sources */,
				D607B19709A556E400699BC3 /* Frameworks */,
				F6AF9EBA2D06F05600530297 /* Copy assets if needed */,
				F6C27DCD2CFBC9F80031DB0B /* CopyFiles */,
			);
			buildRules = (
			);
			dependencies = (
			);
			name = "avitab-browser";
			productName = StarterPlugin;
			productReference = D607B19909A556E400699BC3 /* avitab-browser.xpl */;
			productType = "com.apple.product-type.library.dynamic";
		};
		F64CFE5C2D2C31E8009BE82B /* avitab-browser-xp11 */ = {
			isa = PBXNativeTarget;
			buildConfigurationList = F64CFE782D2C31E8009BE82B /* Build configuration list for PBXNativeTarget "avitab-browser-xp11" */;
			buildPhases = (
				F64CFE5D2D2C31E8009BE82B /* Sources */,
				F64CFE6D2D2C31E8009BE82B /* Frameworks */,
			);
			buildRules = (
			);
			dependencies = (
			);
			name = "avitab-browser-xp11";
			productName = StarterPlugin;
			productReference = F64CFE7B2D2C31E8009BE82B /* avitab-browser-xp11.xpl */;
			productType = "com.apple.product-type.library.dynamic";
		};
/* End PBXNativeTarget section */

/* Begin PBXProject section */
		D607B16109A5563100699BC3 /* Project object */ = {
			isa = PBXProject;
			attributes = {
			};
			buildConfigurationList = D607B16209A5563100699BC3 /* Build configuration list for PBXProject "Avitab-Browser" */;
			compatibilityVersion = "Xcode 3.2";
			developmentRegion = English;
			hasScannedForEncodings = 0;
			knownRegions = (
				English,
				Japanese,
				French,
				German,
			);
			mainGroup = D607B15F09A5563000699BC3;
			productRefGroup = D607B19A09A556E400699BC3 /* Products */;
			projectDirPath = "";
			projectRoot = "";
			targets = (
				D607B19809A556E400699BC3 /* avitab-browser */,
				F64CFE5C2D2C31E8009BE82B /* avitab-browser-xp11 */,
			);
		};
/* End PBXProject section */

/* Begin PBXShellScriptBuildPhase section */
		F6AF9EBA2D06F05600530297 /* Copy assets if needed */ = {
			isa = PBXShellScriptBuildPhase;
			alwaysOutOfDate = 1;
			buildActionMask = 2147483647;
			files = (
			);
			inputFileListPaths = (
			);
			inputPaths = (
			);
			name = "Copy assets if needed";
			outputFileListPaths = (
			);
			outputPaths = (
			);
			runOnlyForDeploymentPostprocessing = 0;
			shellPath = /bin/sh;
			shellScript = "cleaned_product_name=\"${PRODUCT_NAME//-mac/}\"\ncleaned_product_name=\"${cleaned_product_name//-win/}\"\ncleaned_product_name=\"${cleaned_product_name//-lin/}\"\nfolder=\"$HOME/X-Plane 12/Resources/plugins/${cleaned_product_name}\"\n\n# copy assets/\nif [ ! -d \"$folder/assets\" ]; then\n    mkdir \"$folder/assets\"\nfi\nrsync -a ./assets/ \"$folder/assets/\"\n\n";
			showEnvVarsInLog = 0;
		};
/* End PBXShellScriptBuildPhase section */

/* Begin PBXSourcesBuildPhase section */
		D607B19609A556E400699BC3 /* Sources */ = {
			isa = PBXSourcesBuildPhase;
			buildActionMask = 2147483647;
			files = (
				F61F8B1E2D0456D700E63C3F /* main.cpp in Sources */,
				F61F8B2F2D059ED500E63C3F /* button.cpp in Sources */,
				F61F8B312D059ED500E63C3F /* image.cpp in Sources */,
				F61F8B1D2D04549C00E63C3F /* statusbar.cpp in Sources */,
				F6AF9EC02D06F84900530297 /* path.cpp in Sources */,
				F6EB776E2D22D687000B96F3 /* notification.cpp in Sources */,
				F6D247C92D2FC4DB00C55144 /* cursor_mac.mm in Sources */,
				F6D247CA2D2FC4DB00C55144 /* cursor_win.cpp in Sources */,
				F6D247CB2D2FC4DB00C55144 /* cursor_linux.cpp in Sources */,
				F64EE9C22D24130F000E68D2 /* drawing.cpp in Sources */,
				F63C14262D12C63E00932475 /* INIReader.cpp in Sources */,
				F63C14272D12C63E00932475 /* ini.c in Sources */,
				F6602C0F2D0C8B2B00204B65 /* browser_handler.cpp in Sources */,
				F63C14302D12CB7B00932475 /* lodepng.cpp in Sources */,
				F6AF9ECC2D078ED400530297 /* appstate.cpp in Sources */,
				F6AF9EC12D06F84900530297 /* dataref.cpp in Sources */,
				F61F8B1C2D04549800E63C3F /* browser.cpp in Sources */,
			);
			runOnlyForDeploymentPostprocessing = 0;
		};
		F64CFE5D2D2C31E8009BE82B /* Sources */ = {
			isa = PBXSourcesBuildPhase;
			buildActionMask = 2147483647;
			files = (
				F64CFE5F2D2C31E8009BE82B /* main.cpp in Sources */,
				F64CFE602D2C31E8009BE82B /* button.cpp in Sources */,
				F64CFE612D2C31E8009BE82B /* image.cpp in Sources */,
				F64CFE622D2C31E8009BE82B /* statusbar.cpp in Sources */,
				F64CFE632D2C31E8009BE82B /* path.cpp in Sources */,
				F64CFE642D2C31E8009BE82B /* notification.cpp in Sources */,
				F6D247C62D2FC4DB00C55144 /* cursor_mac.mm in Sources */,
				F6D247C72D2FC4DB00C55144 /* cursor_win.cpp in Sources */,
				F6D247C82D2FC4DB00C55144 /* cursor_linux.cpp in Sources */,
				F64CFE652D2C31E8009BE82B /* drawing.cpp in Sources */,
				F64CFE662D2C31E8009BE82B /* INIReader.cpp in Sources */,
				F64CFE672D2C31E8009BE82B /* ini.c in Sources */,
				F64CFE682D2C31E8009BE82B /* browser_handler.cpp in Sources */,
				F64CFE692D2C31E8009BE82B /* lodepng.cpp in Sources */,
				F64CFE6A2D2C31E8009BE82B /* appstate.cpp in Sources */,
				F64CFE6B2D2C31E8009BE82B /* dataref.cpp in Sources */,
				F64CFE6C2D2C31E8009BE82B /* browser.cpp in Sources */,
			);
			runOnlyForDeploymentPostprocessing = 0;
		};
/* End PBXSourcesBuildPhase section */

/* Begin XCBuildConfiguration section */
		D607B16309A5563100699BC3 /* Debug */ = {
			isa = XCBuildConfiguration;
			buildSettings = {
				CLANG_ANALYZER_LOCALIZABILITY_NONLOCALIZED = YES;
				CLANG_CXX_LANGUAGE_STANDARD = "c++23";
				CLANG_WARN_BLOCK_CAPTURE_AUTORELEASING = YES;
				CLANG_WARN_BOOL_CONVERSION = YES;
				CLANG_WARN_COMMA = YES;
				CLANG_WARN_CONSTANT_CONVERSION = YES;
				CLANG_WARN_DEPRECATED_OBJC_IMPLEMENTATIONS = YES;
				CLANG_WARN_EMPTY_BODY = YES;
				CLANG_WARN_ENUM_CONVERSION = YES;
				CLANG_WARN_INFINITE_RECURSION = YES;
				CLANG_WARN_INT_CONVERSION = YES;
				CLANG_WARN_NON_LITERAL_NULL_CONVERSION = YES;
				CLANG_WARN_OBJC_IMPLICIT_RETAIN_SELF = YES;
				CLANG_WARN_OBJC_LITERAL_CONVERSION = YES;
				CLANG_WARN_RANGE_LOOP_ANALYSIS = YES;
				CLANG_WARN_STRICT_PROTOTYPES = YES;
				CLANG_WARN_SUSPICIOUS_MOVE = YES;
				CLANG_WARN_UNREACHABLE_CODE = YES;
				CLANG_WARN__DUPLICATE_METHOD_MATCH = YES;
				DYLIB_COMPATIBILITY_VERSION = "";
				DYLIB_CURRENT_VERSION = "";
				ENABLE_STRICT_OBJC_MSGSEND = YES;
				ENABLE_TESTABILITY = YES;
				EXECUTABLE_EXTENSION = xpl;
				FRAMEWORK_SEARCH_PATHS = (
					"$(XPSDK_ROOT)/Libraries/Mac",
					"$(PROJECT_DIR)",
				);
				GCC_NO_COMMON_BLOCKS = YES;
				GCC_PREPROCESSOR_DEFINITIONS = (
					"APL=1",
					"IBM=0",
					"LIN=0",
					"XPLM200=1",
					"XPLM210=1",
					"XPLM300=1",
					"XPLM301=1",
					"XPLM302=1",
					"XPLM303=1",
					"XPLM400=1",
					"XPLM410=1",
				);
				GCC_SYMBOLS_PRIVATE_EXTERN = YES;
				GCC_VERSION = "";
				GCC_WARN_64_TO_32_BIT_CONVERSION = YES;
				GCC_WARN_ABOUT_RETURN_TYPE = YES;
				GCC_WARN_UNDECLARED_SELECTOR = YES;
				GCC_WARN_UNINITIALIZED_AUTOS = YES;
				GCC_WARN_UNUSED_FUNCTION = YES;
				GCC_WARN_UNUSED_VARIABLE = YES;
				HEADER_SEARCH_PATHS = (
					"$(XPSDK_ROOT)/CHeaders/Widgets",
					"$(XPSDK_ROOT)/CHeaders/XPLM",
					"$(HEADER_SEARCH_PATHS)",
				);
				MACH_O_TYPE = mh_bundle;
				MACOSX_DEPLOYMENT_TARGET = 10.9;
				ONLY_ACTIVE_ARCH = YES;
				OTHER_LDFLAGS = (
					"$(OTHER_LDFLAGS)",
					"-Wl,-exported_symbol",
					"-Wl,_XPluginStart",
					"-Wl,-exported_symbol",
					"-Wl,_XPluginEnable",
					"-Wl,-exported_symbol",
					"-Wl,_XPluginReceiveMessage",
					"-Wl,-exported_symbol",
					"-Wl,_XPluginDisable",
					"-Wl,-exported_symbol",
					"-Wl,_XPluginStop",
				);
				PRODUCT_NAME = "${TARGET_NAME}";
				XPSDK_ROOT = SDK;
			};
			name = Debug;
		};
		D607B16409A5563100699BC3 /* Release */ = {
			isa = XCBuildConfiguration;
			buildSettings = {
				CLANG_ANALYZER_LOCALIZABILITY_NONLOCALIZED = YES;
				CLANG_CXX_LANGUAGE_STANDARD = "c++23";
				CLANG_WARN_BLOCK_CAPTURE_AUTORELEASING = YES;
				CLANG_WARN_BOOL_CONVERSION = YES;
				CLANG_WARN_COMMA = YES;
				CLANG_WARN_CONSTANT_CONVERSION = YES;
				CLANG_WARN_DEPRECATED_OBJC_IMPLEMENTATIONS = YES;
				CLANG_WARN_EMPTY_BODY = YES;
				CLANG_WARN_ENUM_CONVERSION = YES;
				CLANG_WARN_INFINITE_RECURSION = YES;
				CLANG_WARN_INT_CONVERSION = YES;
				CLANG_WARN_NON_LITERAL_NULL_CONVERSION = YES;
				CLANG_WARN_OBJC_IMPLICIT_RETAIN_SELF = YES;
				CLANG_WARN_OBJC_LITERAL_CONVERSION = YES;
				CLANG_WARN_RANGE_LOOP_ANALYSIS = YES;
				CLANG_WARN_STRICT_PROTOTYPES = YES;
				CLANG_WARN_SUSPICIOUS_MOVE = YES;
				CLANG_WARN_UNREACHABLE_CODE = YES;
				CLANG_WARN__DUPLICATE_METHOD_MATCH = YES;
				DYLIB_COMPATIBILITY_VERSION = "";
				DYLIB_CURRENT_VERSION = "";
				ENABLE_STRICT_OBJC_MSGSEND = YES;
				EXECUTABLE_EXTENSION = xpl;
				FRAMEWORK_SEARCH_PATHS = (
					"$(XPSDK_ROOT)/Libraries/Mac",
					"$(PROJECT_DIR)",
				);
				GCC_NO_COMMON_BLOCKS = YES;
				GCC_PREPROCESSOR_DEFINITIONS = (
					"APL=1",
					"IBM=0",
					"LIN=0",
					"XPLM200=1",
					"XPLM210=1",
					"XPLM300=1",
					"XPLM301=1",
					"XPLM302=1",
					"XPLM303=1",
					"XPLM400=1",
					"XPLM410=1",
				);
				GCC_SYMBOLS_PRIVATE_EXTERN = YES;
				GCC_VERSION = "";
				GCC_WARN_64_TO_32_BIT_CONVERSION = YES;
				GCC_WARN_ABOUT_RETURN_TYPE = YES;
				GCC_WARN_UNDECLARED_SELECTOR = YES;
				GCC_WARN_UNINITIALIZED_AUTOS = YES;
				GCC_WARN_UNUSED_FUNCTION = YES;
				GCC_WARN_UNUSED_VARIABLE = YES;
				HEADER_SEARCH_PATHS = (
					"$(XPSDK_ROOT)/CHeaders/Widgets",
					"$(XPSDK_ROOT)/CHeaders/XPLM",
					"$(HEADER_SEARCH_PATHS)",
				);
				MACH_O_TYPE = mh_bundle;
				MACOSX_DEPLOYMENT_TARGET = 10.9;
				ONLY_ACTIVE_ARCH = NO;
				OTHER_LDFLAGS = (
					"$(OTHER_LDFLAGS)",
					"-Wl,-exported_symbol",
					"-Wl,_XPluginStart",
					"-Wl,-exported_symbol",
					"-Wl,_XPluginEnable",
					"-Wl,-exported_symbol",
					"-Wl,_XPluginReceiveMessage",
					"-Wl,-exported_symbol",
					"-Wl,_XPluginDisable",
					"-Wl,-exported_symbol",
					"-Wl,_XPluginStop",
				);
				PRODUCT_NAME = "${TARGET_NAME}";
				XPSDK_ROOT = SDK;
			};
			name = Release;
		};
		D607B19C09A556E400699BC3 /* Debug */ = {
			isa = XCBuildConfiguration;
			buildSettings = {
				ALLOW_TARGET_PLATFORM_SPECIALIZATION = YES;
				ARCHS = arm64;
				CLANG_ENABLE_OBJC_WEAK = YES;
				FRAMEWORK_SEARCH_PATHS = (
					"$(XPSDK_ROOT)/Libraries/Mac",
					"$(PROJECT_DIR)/SDK_410/Libraries/Mac",
					"$(PROJECT_DIR)/lib/mac_x64/cef",
					"$(PROJECT_DIR)",
				);
				GCC_OPTIMIZATION_LEVEL = 0;
				GCC_PREPROCESSOR_DEFINITIONS = (
					"APL=1",
					"IBM=0",
					"LIN=0",
					"XPLM200=1",
					"XPLM210=1",
					"XPLM300=1",
					"XPLM301=1",
					"XPLM302=1",
					"XPLM303=1",
					"XPLM400=1",
					"XPLM410=1",
					"DEBUG=1",
				);
				HEADER_SEARCH_PATHS = (
					"$(XPSDK_ROOT)/CHeaders/Widgets",
					"$(XPSDK_ROOT)/CHeaders/XPLM",
					"$(HEADER_SEARCH_PATHS)",
					"$(PROJECT_DIR)/lib/mac_x64/cef",
				);
				LIBRARY_SEARCH_PATHS = (
					"$(inherited)",
					"$(PROJECT_DIR)",
					"$(PROJECT_DIR)/lib/mac_x64/cef",
				);
				MACOSX_DEPLOYMENT_TARGET = 15.0;
				OTHER_CPLUSPLUSFLAGS = (
					"$(OTHER_CFLAGS)",
					"-DNDEBUG",
				);
				OTHER_LDFLAGS = (
					"$(OTHER_LDFLAGS)",
					"-Wl,-exported_symbol",
					"-Wl,_XPluginStart",
					"-Wl,-exported_symbol",
					"-Wl,_XPluginEnable",
					"-Wl,-exported_symbol",
					"-Wl,_XPluginReceiveMessage",
					"-Wl,-exported_symbol",
					"-Wl,_XPluginDisable",
					"-Wl,-exported_symbol",
					"-Wl,_XPluginStop",
				);
				SUPPORTED_PLATFORMS = "xrsimulator xros watchsimulator watchos macosx iphonesimulator iphoneos driverkit appletvsimulator appletvos";
				SUPPORTS_MACCATALYST = YES;
				XPSDK_ROOT = SDK_410;
			};
			name = Debug;
		};
		D607B19D09A556E400699BC3 /* Release */ = {
			isa = XCBuildConfiguration;
			buildSettings = {
				ALLOW_TARGET_PLATFORM_SPECIALIZATION = YES;
				ARCHS = (
					x86_64,
					arm64,
				);
				CLANG_ENABLE_OBJC_WEAK = YES;
				FRAMEWORK_SEARCH_PATHS = (
					"$(XPSDK_ROOT)/Libraries/Mac",
					"$(PROJECT_DIR)/SDK_410/Libraries/Mac",
					"$(PROJECT_DIR)/lib/mac_x64/cef",
					"$(PROJECT_DIR)",
				);
				GCC_PREPROCESSOR_DEFINITIONS = (
					"APL=1",
					"IBM=0",
					"LIN=0",
					"XPLM200=1",
					"XPLM210=1",
					"XPLM300=1",
					"XPLM301=1",
					"XPLM302=1",
					"XPLM303=1",
					"XPLM400=1",
					"XPLM410=1",
				);
				HEADER_SEARCH_PATHS = (
					"$(XPSDK_ROOT)/CHeaders/Widgets",
					"$(XPSDK_ROOT)/CHeaders/XPLM",
					"$(HEADER_SEARCH_PATHS)",
					"$(PROJECT_DIR)/lib/mac_x64/cef",
				);
				LIBRARY_SEARCH_PATHS = (
					"$(inherited)",
					"$(PROJECT_DIR)",
					"$(PROJECT_DIR)/lib/mac_x64/cef",
				);
				MACOSX_DEPLOYMENT_TARGET = 15.0;
				OTHER_CPLUSPLUSFLAGS = (
					"$(OTHER_CFLAGS)",
					"-DNDEBUG",
				);
				OTHER_LDFLAGS = (
					"$(OTHER_LDFLAGS)",
					"-Wl,-exported_symbol",
					"-Wl,_XPluginStart",
					"-Wl,-exported_symbol",
					"-Wl,_XPluginEnable",
					"-Wl,-exported_symbol",
					"-Wl,_XPluginReceiveMessage",
					"-Wl,-exported_symbol",
					"-Wl,_XPluginDisable",
					"-Wl,-exported_symbol",
					"-Wl,_XPluginStop",
				);
				SUPPORTED_PLATFORMS = "xrsimulator xros watchsimulator watchos macosx iphonesimulator iphoneos driverkit appletvsimulator appletvos";
				SUPPORTS_MACCATALYST = YES;
				XPSDK_ROOT = SDK_410;
			};
			name = Release;
		};
		F64CFE792D2C31E8009BE82B /* Debug */ = {
			isa = XCBuildConfiguration;
			buildSettings = {
				ALLOW_TARGET_PLATFORM_SPECIALIZATION = YES;
				ARCHS = x86_64;
				CLANG_ENABLE_OBJC_WEAK = YES;
				FRAMEWORK_SEARCH_PATHS = (
					"$(XPSDK_ROOT)/Libraries/Mac",
					"$(PROJECT_DIR)/SDK_410/Libraries/Mac",
					"$(PROJECT_DIR)/lib/mac_x64/cef",
					"$(PROJECT_DIR)",
				);
				GCC_OPTIMIZATION_LEVEL = 0;
				GCC_PREPROCESSOR_DEFINITIONS = (
					"APL=1",
					"IBM=0",
					"LIN=0",
					"XPLM200=1",
					"XPLM210=1",
					"XPLM300=1",
					"XPLM301=1",
					"XPLM302=1",
					"XPLM303=1",
					"DEBUG=1",
				);
				HEADER_SEARCH_PATHS = (
					"$(XPSDK_ROOT)/CHeaders/Widgets",
					"$(XPSDK_ROOT)/CHeaders/XPLM",
					"$(HEADER_SEARCH_PATHS)",
					"$(PROJECT_DIR)/lib/mac_x64/cef",
				);
				LIBRARY_SEARCH_PATHS = (
					"$(inherited)",
					"$(PROJECT_DIR)",
					"$(PROJECT_DIR)/lib/mac_x64/cef",
				);
				MACOSX_DEPLOYMENT_TARGET = 15.0;
				OTHER_CPLUSPLUSFLAGS = (
					"$(OTHER_CFLAGS)",
					"-DNDEBUG",
				);
				OTHER_LDFLAGS = (
					"$(OTHER_LDFLAGS)",
					"-Wl,-exported_symbol",
					"-Wl,_XPluginStart",
					"-Wl,-exported_symbol",
					"-Wl,_XPluginEnable",
					"-Wl,-exported_symbol",
					"-Wl,_XPluginReceiveMessage",
					"-Wl,-exported_symbol",
					"-Wl,_XPluginDisable",
					"-Wl,-exported_symbol",
					"-Wl,_XPluginStop",
				);
				PRODUCT_NAME = "$(TARGET_NAME)";
				SUPPORTED_PLATFORMS = "xrsimulator xros watchsimulator watchos macosx iphonesimulator iphoneos driverkit appletvsimulator appletvos";
				SUPPORTS_MACCATALYST = YES;
				XPSDK_ROOT = SDK_301;
			};
			name = Debug;
		};
		F64CFE7A2D2C31E8009BE82B /* Release */ = {
			isa = XCBuildConfiguration;
			buildSettings = {
				ALLOW_TARGET_PLATFORM_SPECIALIZATION = YES;
				ARCHS = x86_64;
				CLANG_ENABLE_OBJC_WEAK = YES;
				FRAMEWORK_SEARCH_PATHS = (
					"$(XPSDK_ROOT)/Libraries/Mac",
					"$(PROJECT_DIR)/SDK_410/Libraries/Mac",
					"$(PROJECT_DIR)/lib/mac_x64/cef",
					"$(PROJECT_DIR)",
				);
				GCC_PREPROCESSOR_DEFINITIONS = (
					"APL=1",
					"IBM=0",
					"LIN=0",
					"XPLM200=1",
					"XPLM210=1",
					"XPLM300=1",
					"XPLM301=1",
					"XPLM302=1",
					"XPLM303=1",
				);
				HEADER_SEARCH_PATHS = (
					"$(XPSDK_ROOT)/CHeaders/Widgets",
					"$(XPSDK_ROOT)/CHeaders/XPLM",
					"$(HEADER_SEARCH_PATHS)",
					"$(PROJECT_DIR)/lib/mac_x64/cef",
				);
				LIBRARY_SEARCH_PATHS = (
					"$(inherited)",
					"$(PROJECT_DIR)",
					"$(PROJECT_DIR)/lib/mac_x64/cef",
				);
				MACOSX_DEPLOYMENT_TARGET = 15.0;
				OTHER_CPLUSPLUSFLAGS = (
					"$(OTHER_CFLAGS)",
					"-DNDEBUG",
				);
				OTHER_LDFLAGS = (
					"$(OTHER_LDFLAGS)",
					"-Wl,-exported_symbol",
					"-Wl,_XPluginStart",
					"-Wl,-exported_symbol",
					"-Wl,_XPluginEnable",
					"-Wl,-exported_symbol",
					"-Wl,_XPluginReceiveMessage",
					"-Wl,-exported_symbol",
					"-Wl,_XPluginDisable",
					"-Wl,-exported_symbol",
					"-Wl,_XPluginStop",
				);
				PRODUCT_NAME = "$(TARGET_NAME)";
				SUPPORTED_PLATFORMS = "xrsimulator xros watchsimulator watchos macosx iphonesimulator iphoneos driverkit appletvsimulator appletvos";
				SUPPORTS_MACCATALYST = YES;
				XPSDK_ROOT = SDK_301;
			};
			name = Release;
		};
/* End XCBuildConfiguration section */

/* Begin XCConfigurationList section */
		D607B16209A5563100699BC3 /* Build configuration list for PBXProject "Avitab-Browser" */ = {
			isa = XCConfigurationList;
			buildConfigurations = (
				D607B16309A5563100699BC3 /* Debug */,
				D607B16409A5563100699BC3 /* Release */,
			);
			defaultConfigurationIsVisible = 0;
			defaultConfigurationName = Release;
		};
		D607B19B09A556E400699BC3 /* Build configuration list for PBXNativeTarget "avitab-browser" */ = {
			isa = XCConfigurationList;
			buildConfigurations = (
				D607B19C09A556E400699BC3 /* Debug */,
				D607B19D09A556E400699BC3 /* Release */,
			);
			defaultConfigurationIsVisible = 0;
			defaultConfigurationName = Release;
		};
		F64CFE782D2C31E8009BE82B /* Build configuration list for PBXNativeTarget "avitab-browser-xp11" */ = {
			isa = XCConfigurationList;
			buildConfigurations = (
				F64CFE792D2C31E8009BE82B /* Debug */,
				F64CFE7A2D2C31E8009BE82B /* Release */,
			);
			defaultConfigurationIsVisible = 0;
			defaultConfigurationName = Release;
		};
/* End XCConfigurationList section */
	};
	rootObject = D607B16109A5563100699BC3 /* Project object */;
}
